
Microsoft Visual Studio Solution File, Format Version 12.00
# Visual Studio Version 17
VisualStudioVersion = 17.9.34728.123
MinimumVisualStudioVersion = 10.0.40219.1
Project("{FAE04EC0-301F-11D3-BF4B-00C04F79EFBC}") = "Mini_Market Management System", "Mini_Market Management System\Mini_Market Management System.csproj", "{2D407349-39D2-41F2-B721-A3D400D734F4}"
EndProject
Global
	GlobalSection(SolutionConfigurationPlatforms) = preSolution
		Debug|Any CPU = Debug|Any CPU
		Release|Any CPU = Release|Any CPU
	EndGlobalSection
	GlobalSection(ProjectConfigurationPlatforms) = postSolution
		{2D407349-39D2-41F2-B721-A3D400D734F4}.Debug|Any CPU.ActiveCfg = Debug|Any CPU
		{2D407349-39D2-41F2-B721-A3D400D734F4}.Debug|Any CPU.Build.0 = Debug|Any CPU
		{2D407349-39D2-41F2-B721-A3D400D734F4}.Release|Any CPU.ActiveCfg = Release|Any CPU
		{2D407349-39D2-41F2-B721-A3D400D734F4}.Release|Any CPU.Build.0 = Release|Any CPU
	EndGlobalSection
	GlobalSection(SolutionProperties) = preSolution
		HideSolutionNode = FALSE
	EndGlobalSection
	GlobalSection(ExtensibilityGlobals) = postSolution
		SolutionGuid = {2772C19A-7831-4950-A7B7-E322D36C498C}
	EndGlobalSection
EndGlobal
